
Microsoft Visual Studio Solution File, Format Version 12.00
# Visual Studio Version 16
VisualStudioVersion = 16.0.31205.134
MinimumVisualStudioVersion = 10.0.40219.1
Project("{FAE04EC0-301F-11D3-BF4B-00C04F79EFBC}") = "Item Creator", "Item Creator.csproj", "{62F1A7F3-A450-4FE6-8A87-78B5F2D7074E}"
EndProject
Global
	GlobalSection(SolutionConfigurationPlatforms) = preSolution
		Debug|Any CPU = Debug|Any CPU
		Release|Any CPU = Release|Any CPU
	EndGlobalSection
	GlobalSection(ProjectConfigurationPlatforms) = postSolution
		{62F1A7F3-A450-4FE6-8A87-78B5F2D7074E}.Debug|Any CPU.ActiveCfg = Debug|Any CPU
		{62F1A7F3-A450-4FE6-8A87-78B5F2D7074E}.Debug|Any CPU.Build.0 = Debug|Any CPU
		{62F1A7F3-A450-4FE6-8A87-78B5F2D7074E}.Release|Any CPU.ActiveCfg = Release|Any CPU
		{62F1A7F3-A450-4FE6-8A87-78B5F2D7074E}.Release|Any CPU.Build.0 = Release|Any CPU
	EndGlobalSection
	GlobalSection(SolutionProperties) = preSolution
		HideSolutionNode = FALSE
	EndGlobalSection
	GlobalSection(ExtensibilityGlobals) = postSolution
		SolutionGuid = {B5D73AF4-62E9-4DC1-9140-B75F9CE58855}
	EndGlobalSection
EndGlobal
